
Microsoft Visual Studio Solution File, Format Version 12.00
# Visual Studio Version 16
VisualStudioVersion = 16.0.31005.135
MinimumVisualStudioVersion = 10.0.40219.1
Project("{FAE04EC0-301F-11D3-BF4B-00C04F79EFBC}") = "ProjectFarmBA_WFA", "ProjectFarmBA_WFA\ProjectFarmBA_WFA.csproj", "{24FA0471-6E2D-4C42-8E20-FB9C3BC9DC96}"
EndProject
Global
	GlobalSection(SolutionConfigurationPlatforms) = preSolution
		Debug|Any CPU = Debug|Any CPU
		Release|Any CPU = Release|Any CPU
	EndGlobalSection
	GlobalSection(ProjectConfigurationPlatforms) = postSolution
		{24FA0471-6E2D-4C42-8E20-FB9C3BC9DC96}.Debug|Any CPU.ActiveCfg = Debug|Any CPU
		{24FA0471-6E2D-4C42-8E20-FB9C3BC9DC96}.Debug|Any CPU.Build.0 = Debug|Any CPU
		{24FA0471-6E2D-4C42-8E20-FB9C3BC9DC96}.Release|Any CPU.ActiveCfg = Release|Any CPU
		{24FA0471-6E2D-4C42-8E20-FB9C3BC9DC96}.Release|Any CPU.Build.0 = Release|Any CPU
	EndGlobalSection
	GlobalSection(SolutionProperties) = preSolution
		HideSolutionNode = FALSE
	EndGlobalSection
	GlobalSection(ExtensibilityGlobals) = postSolution
		SolutionGuid = {5755A6C0-7BD3-4345-9437-B919020F3BCB}
	EndGlobalSection
EndGlobal
